{
	"name": "mapbox-deckgl-viewer",
	"lockfileVersion": 3,
	"requires": true,
	"packages": {
		"": {
			"name": "mapbox-deckgl-viewer",
			"license": "ISC",
			"workspaces": [
				"./frontend",
				"./map-deck-viewer"
			],
			"devDependencies": {
				"@biomejs/biome": "2.4.6"
			}
		},
		"frontend": {
			"name": "@joshnice/webdeckglb-site",
			"version": "0.0.2",
			"dependencies": {
				"@fortawesome/fontawesome-svg-core": "^7.2.0",
				"@fortawesome/free-brands-svg-icons": "^7.2.0",
				"@fortawesome/free-solid-svg-icons": "^7.2.0",
				"@fortawesome/react-fontawesome": "^3.2.0",
				"@joshnice/map-deck-viewer": "@joshnice/map-deck-viewer",
				"react": "^19.2.4",
				"react-dom": "^19.2.4",
				"rxjs": "^7.8.1",
				"uuid": "^9.0.1"
			},
			"devDependencies": {
				"@types/react": "^19.2.14",
				"@types/react-dom": "^19.2.3",
				"@types/uuid": "^9.0.8",
				"@vitejs/plugin-react-swc": "^4.2.3",
				"typescript": "^5.2.2",
				"vite": "^7.3.1",
				"vite-plugin-checker": "^0.12.0"
			}
		},
		"frontend/@joshnice/map-deck-viewer": {},
		"frontend/node_modules/@joshnice/map-deck-viewer": {
			"resolved": "frontend/@joshnice/map-deck-viewer",
			"link": true
		},
		"frontend/node_modules/react-dom": {
			"version": "19.2.4",
			"license": "MIT",
			"dependencies": {
				"scheduler": "^0.27.0"
			},
			"peerDependencies": {
				"react": "^19.2.4"
			}
		},
		"frontend/node_modules/scheduler": {
			"version": "0.27.0",
			"license": "MIT"
		},
		"map-deck-viewer": {
			"name": "@joshnice/map-deck-viewer",
			"version": "0.0.5",
			"dependencies": {
				"@turf/bbox": "^7.3.4",
				"@turf/bbox-polygon": "^7.3.4",
				"@turf/boolean-within": "^7.3.4",
				"@turf/helpers": "7.3.4",
				"mapbox-gl": "^3.19.1",
				"react": "^19.2.4",
				"react-dom": "^19.2.4",
				"uuid": "^9.0.1"
			},
			"devDependencies": {
				"@types/react": "^19.2.14",
				"@types/react-dom": "^19.2.3",
				"typescript": "^5.2.2"
			}
		},
		"map-deck-viewer/node_modules/react": {
			"version": "19.2.4",
			"license": "MIT",
			"engines": {
				"node": ">=0.10.0"
			}
		},
		"map-deck-viewer/node_modules/react-dom": {
			"version": "19.2.4",
			"license": "MIT",
			"dependencies": {
				"scheduler": "^0.27.0"
			},
			"peerDependencies": {
				"react": "^19.2.4"
			}
		},
		"map-deck-viewer/node_modules/scheduler": {
			"version": "0.27.0",
			"license": "MIT"
		},
		"node_modules/@babel/code-frame": {
			"version": "7.29.0",
			"dev": true,
			"license": "MIT",
			"dependencies": {
				"@babel/helper-validator-identifier": "^7.28.5",
				"js-tokens": "^4.0.0",
				"picocolors": "^1.1.1"
			},
			"engines": {
				"node": ">=6.9.0"
			}
		},
		"node_modules/@babel/helper-validator-identifier": {
			"version": "7.28.5",
			"dev": true,
			"license": "MIT",
			"engines": {
				"node": ">=6.9.0"
			}
		},
		"node_modules/@biomejs/biome": {
			"version": "2.4.6",
			"dev": true,
			"license": "MIT OR Apache-2.0",
			"bin": {
				"biome": "bin/biome"
			},
			"engines": {
				"node": ">=14.21.3"
			},
			"funding": {
				"type": "opencollective",
				"url": "https://opencollective.com/biome"
			},
			"optionalDependencies": {
				"@biomejs/cli-darwin-arm64": "2.4.6",
				"@biomejs/cli-darwin-x64": "2.4.6",
				"@biomejs/cli-linux-arm64": "2.4.6",
				"@biomejs/cli-linux-arm64-musl": "2.4.6",
				"@biomejs/cli-linux-x64": "2.4.6",
				"@biomejs/cli-linux-x64-musl": "2.4.6",
				"@biomejs/cli-win32-arm64": "2.4.6",
				"@biomejs/cli-win32-x64": "2.4.6"
			}
		},
		"node_modules/@biomejs/cli-darwin-arm64": {
			"version": "2.4.6",
			"cpu": [
				"arm64"
			],
			"dev": true,
			"license": "MIT OR Apache-2.0",
			"optional": true,
			"os": [
				"darwin"
			],
			"engines": {
				"node": ">=14.21.3"
			}
		},
		"node_modules/@biomejs/cli-darwin-x64": {
			"version": "2.4.6",
			"resolved": "https://registry.npmjs.org/@biomejs/cli-darwin-x64/-/cli-darwin-x64-2.4.6.tgz",
			"integrity": "sha512-4uiE/9tuI7cnjtY9b07RgS7gGyYOAfIAGeVJWEfeCnAarOAS7qVmuRyX6d7JTKw28/mt+rUzMasYeZ+0R/U1Mw==",
			"cpu": [
				"x64"
			],
			"dev": true,
			"license": "MIT OR Apache-2.0",
			"optional": true,
			"os": [
				"darwin"
			],
			"engines": {
				"node": ">=14.21.3"
			}
		},
		"node_modules/@biomejs/cli-linux-arm64": {
			"version": "2.4.6",
			"resolved": "https://registry.npmjs.org/@biomejs/cli-linux-arm64/-/cli-linux-arm64-2.4.6.tgz",
			"integrity": "sha512-kMLaI7OF5GN1Q8Doymjro1P8rVEoy7BKQALNz6fiR8IC1WKduoNyteBtJlHT7ASIL0Cx2jR6VUOBIbcB1B8pew==",
			"cpu": [
				"arm64"
			],
			"dev": true,
			"license": "MIT OR Apache-2.0",
			"optional": true,
			"os": [
				"linux"
			],
			"engines": {
				"node": ">=14.21.3"
			}
		},
		"node_modules/@biomejs/cli-linux-arm64-musl": {
			"version": "2.4.6",
			"resolved": "https://registry.npmjs.org/@biomejs/cli-linux-arm64-musl/-/cli-linux-arm64-musl-2.4.6.tgz",
			"integrity": "sha512-F/JdB7eN22txiTqHM5KhIVt0jVkzZwVYrdTR1O3Y4auBOQcXxHK4dxULf4z43QyZI5tsnQJrRBHZy7wwtL+B3A==",
			"cpu": [
				"arm64"
			],
			"dev": true,
			"license": "MIT OR Apache-2.0",
			"optional": true,
			"os": [
				"linux"
			],
			"engines": {
				"node": ">=14.21.3"
			}
		},
		"node_modules/@biomejs/cli-linux-x64": {
			"version": "2.4.6",
			"resolved": "https://registry.npmjs.org/@biomejs/cli-linux-x64/-/cli-linux-x64-2.4.6.tgz",
			"integrity": "sha512-oHXmUFEoH8Lql1xfc3QkFLiC1hGR7qedv5eKNlC185or+o4/4HiaU7vYODAH3peRCfsuLr1g6v2fK9dFFOYdyw==",
			"cpu": [
				"x64"
			],
			"dev": true,
			"license": "MIT OR Apache-2.0",
			"optional": true,
			"os": [
				"linux"
			],
			"engines": {
				"node": ">=14.21.3"
			}
		},
		"node_modules/@biomejs/cli-linux-x64-musl": {
			"version": "2.4.6",
			"resolved": "https://registry.npmjs.org/@biomejs/cli-linux-x64-musl/-/cli-linux-x64-musl-2.4.6.tgz",
			"integrity": "sha512-C9s98IPDu7DYarjlZNuzJKTjVHN03RUnmHV5htvqsx6vEUXCDSJ59DNwjKVD5XYoSS4N+BYhq3RTBAL8X6svEg==",
			"cpu": [
				"x64"
			],
			"dev": true,
			"license": "MIT OR Apache-2.0",
			"optional": true,
			"os": [
				"linux"
			],
			"engines": {
				"node": ">=14.21.3"
			}
		},
		"node_modules/@biomejs/cli-win32-arm64": {
			"version": "2.4.6",
			"resolved": "https://registry.npmjs.org/@biomejs/cli-win32-arm64/-/cli-win32-arm64-2.4.6.tgz",
			"integrity": "sha512-xzThn87Pf3YrOGTEODFGONmqXpTwUNxovQb72iaUOdcw8sBSY3+3WD8Hm9IhMYLnPi0n32s3L3NWU6+eSjfqFg==",
			"cpu": [
				"arm64"
			],
			"dev": true,
			"license": "MIT OR Apache-2.0",
			"optional": true,
			"os": [
				"win32"
			],
			"engines": {
				"node": ">=14.21.3"
			}
		},
		"node_modules/@biomejs/cli-win32-x64": {
			"version": "2.4.6",
			"resolved": "https://registry.npmjs.org/@biomejs/cli-win32-x64/-/cli-win32-x64-2.4.6.tgz",
			"integrity": "sha512-7++XhnsPlr1HDbor5amovPjOH6vsrFOCdp93iKXhFn6bcMUI6soodj3WWKfgEO6JosKU1W5n3uky3WW9RlRjTg==",
			"cpu": [
				"x64"
			],
			"dev": true,
			"license": "MIT OR Apache-2.0",
			"optional": true,
			"os": [
				"win32"
			],
			"engines": {
				"node": ">=14.21.3"
			}
		},
		"node_modules/@esbuild/darwin-arm64": {
			"version": "0.27.3",
			"cpu": [
				"arm64"
			],
			"dev": true,
			"license": "MIT",
			"optional": true,
			"os": [
				"darwin"
			],
			"engines": {
				"node": ">=18"
			}
		},
		"node_modules/@fortawesome/fontawesome-common-types": {
			"version": "7.2.0",
			"license": "MIT",
			"engines": {
				"node": ">=6"
			}
		},
		"node_modules/@fortawesome/fontawesome-svg-core": {
			"version": "7.2.0",
			"license": "MIT",
			"dependencies": {
				"@fortawesome/fontawesome-common-types": "7.2.0"
			},
			"engines": {
				"node": ">=6"
			}
		},
		"node_modules/@fortawesome/free-brands-svg-icons": {
			"version": "7.2.0",
			"resolved": "https://registry.npmjs.org/@fortawesome/free-brands-svg-icons/-/free-brands-svg-icons-7.2.0.tgz",
			"integrity": "sha512-VNG8xqOip1JuJcC3zsVsKRQ60oXG9+oYNDCosjoU/H9pgYmLTEwWw8pE0jhPz/JWdHeUuK6+NQ3qsM4gIbdbYQ==",
			"license": "(CC-BY-4.0 AND MIT)",
			"dependencies": {
				"@fortawesome/fontawesome-common-types": "7.2.0"
			},
			"engines": {
				"node": ">=6"
			}
		},
		"node_modules/@fortawesome/free-solid-svg-icons": {
			"version": "7.2.0",
			"license": "(CC-BY-4.0 AND MIT)",
			"dependencies": {
				"@fortawesome/fontawesome-common-types": "7.2.0"
			},
			"engines": {
				"node": ">=6"
			}
		},
		"node_modules/@fortawesome/react-fontawesome": {
			"version": "3.2.0",
			"license": "MIT",
			"engines": {
				"node": ">=20"
			},
			"peerDependencies": {
				"@fortawesome/fontawesome-svg-core": "~6 || ~7",
				"react": "^18.0.0 || ^19.0.0"
			}
		},
		"node_modules/@joshnice/map-deck-viewer": {
			"resolved": "map-deck-viewer",
			"link": true
		},
		"node_modules/@joshnice/webdeckglb-site": {
			"resolved": "frontend",
			"link": true
		},
		"node_modules/@mapbox/jsonlint-lines-primitives": {
			"version": "2.0.2",
			"engines": {
				"node": ">= 0.6"
			}
		},
		"node_modules/@mapbox/mapbox-gl-supported": {
			"version": "3.0.0",
			"license": "BSD-3-Clause"
		},
		"node_modules/@mapbox/tiny-sdf": {
			"version": "2.0.7",
			"license": "BSD-2-Clause"
		},
		"node_modules/@mapbox/unitbezier": {
			"version": "0.0.1",
			"license": "BSD-2-Clause"
		},
		"node_modules/@rolldown/pluginutils": {
			"version": "1.0.0-rc.2",
			"dev": true,
			"license": "MIT"
		},
		"node_modules/@rollup/rollup-darwin-arm64": {
			"version": "4.59.0",
			"cpu": [
				"arm64"
			],
			"dev": true,
			"license": "MIT",
			"optional": true,
			"os": [
				"darwin"
			]
		},
		"node_modules/@swc/core": {
			"version": "1.15.11",
			"dev": true,
			"hasInstallScript": true,
			"license": "Apache-2.0",
			"dependencies": {
				"@swc/counter": "^0.1.3",
				"@swc/types": "^0.1.25"
			},
			"engines": {
				"node": ">=10"
			},
			"funding": {
				"type": "opencollective",
				"url": "https://opencollective.com/swc"
			},
			"optionalDependencies": {
				"@swc/core-darwin-arm64": "1.15.11",
				"@swc/core-darwin-x64": "1.15.11",
				"@swc/core-linux-arm-gnueabihf": "1.15.11",
				"@swc/core-linux-arm64-gnu": "1.15.11",
				"@swc/core-linux-arm64-musl": "1.15.11",
				"@swc/core-linux-x64-gnu": "1.15.11",
				"@swc/core-linux-x64-musl": "1.15.11",
				"@swc/core-win32-arm64-msvc": "1.15.11",
				"@swc/core-win32-ia32-msvc": "1.15.11",
				"@swc/core-win32-x64-msvc": "1.15.11"
			},
			"peerDependencies": {
				"@swc/helpers": ">=0.5.17"
			},
			"peerDependenciesMeta": {
				"@swc/helpers": {
					"optional": true
				}
			}
		},
		"node_modules/@swc/core-darwin-arm64": {
			"version": "1.15.11",
			"cpu": [
				"arm64"
			],
			"dev": true,
			"license": "Apache-2.0 AND MIT",
			"optional": true,
			"os": [
				"darwin"
			],
			"engines": {
				"node": ">=10"
			}
		},
		"node_modules/@swc/counter": {
			"version": "0.1.3",
			"dev": true,
			"license": "Apache-2.0"
		},
		"node_modules/@swc/types": {
			"version": "0.1.25",
			"dev": true,
			"license": "Apache-2.0",
			"dependencies": {
				"@swc/counter": "^0.1.3"
			}
		},
		"node_modules/@turf/bbox": {
			"version": "7.3.4",
			"license": "MIT",
			"dependencies": {
				"@turf/helpers": "7.3.4",
				"@turf/meta": "7.3.4",
				"@types/geojson": "^7946.0.10",
				"tslib": "^2.8.1"
			},
			"funding": {
				"url": "https://opencollective.com/turf"
			}
		},
		"node_modules/@turf/bbox-polygon": {
			"version": "7.3.4",
			"license": "MIT",
			"dependencies": {
				"@turf/helpers": "7.3.4",
				"@types/geojson": "^7946.0.10",
				"tslib": "^2.8.1"
			},
			"funding": {
				"url": "https://opencollective.com/turf"
			}
		},
		"node_modules/@turf/boolean-point-in-polygon": {
			"version": "7.3.4",
			"license": "MIT",
			"dependencies": {
				"@turf/helpers": "7.3.4",
				"@turf/invariant": "7.3.4",
				"@types/geojson": "^7946.0.10",
				"point-in-polygon-hao": "^1.1.0",
				"tslib": "^2.8.1"
			},
			"funding": {
				"url": "https://opencollective.com/turf"
			}
		},
		"node_modules/@turf/boolean-point-on-line": {
			"version": "7.3.4",
			"license": "MIT",
			"dependencies": {
				"@turf/helpers": "7.3.4",
				"@turf/invariant": "7.3.4",
				"@types/geojson": "^7946.0.10",
				"tslib": "^2.8.1"
			},
			"funding": {
				"url": "https://opencollective.com/turf"
			}
		},
		"node_modules/@turf/boolean-within": {
			"version": "7.3.4",
			"license": "MIT",
			"dependencies": {
				"@turf/bbox": "7.3.4",
				"@turf/boolean-point-in-polygon": "7.3.4",
				"@turf/boolean-point-on-line": "7.3.4",
				"@turf/helpers": "7.3.4",
				"@turf/invariant": "7.3.4",
				"@turf/line-split": "7.3.4",
				"@types/geojson": "^7946.0.10",
				"tslib": "^2.8.1"
			},
			"funding": {
				"url": "https://opencollective.com/turf"
			}
		},
		"node_modules/@turf/distance": {
			"version": "7.3.4",
			"license": "MIT",
			"dependencies": {
				"@turf/helpers": "7.3.4",
				"@turf/invariant": "7.3.4",
				"@types/geojson": "^7946.0.10",
				"tslib": "^2.8.1"
			},
			"funding": {
				"url": "https://opencollective.com/turf"
			}
		},
		"node_modules/@turf/geojson-rbush": {
			"version": "7.3.4",
			"license": "MIT",
			"dependencies": {
				"@turf/bbox": "7.3.4",
				"@turf/helpers": "7.3.4",
				"@turf/meta": "7.3.4",
				"@types/geojson": "^7946.0.10",
				"rbush": "^3.0.1",
				"tslib": "^2.8.1"
			},
			"funding": {
				"url": "https://opencollective.com/turf"
			}
		},
		"node_modules/@turf/helpers": {
			"version": "7.3.4",
			"license": "MIT",
			"dependencies": {
				"@types/geojson": "^7946.0.10",
				"tslib": "^2.8.1"
			},
			"funding": {
				"url": "https://opencollective.com/turf"
			}
		},
		"node_modules/@turf/invariant": {
			"version": "7.3.4",
			"license": "MIT",
			"dependencies": {
				"@turf/helpers": "7.3.4",
				"@types/geojson": "^7946.0.10",
				"tslib": "^2.8.1"
			},
			"funding": {
				"url": "https://opencollective.com/turf"
			}
		},
		"node_modules/@turf/line-intersect": {
			"version": "7.3.4",
			"license": "MIT",
			"dependencies": {
				"@turf/helpers": "7.3.4",
				"@types/geojson": "^7946.0.10",
				"sweepline-intersections": "^1.5.0",
				"tslib": "^2.8.1"
			},
			"funding": {
				"url": "https://opencollective.com/turf"
			}
		},
		"node_modules/@turf/line-segment": {
			"version": "7.3.4",
			"license": "MIT",
			"dependencies": {
				"@turf/helpers": "7.3.4",
				"@turf/invariant": "7.3.4",
				"@turf/meta": "7.3.4",
				"@types/geojson": "^7946.0.10",
				"tslib": "^2.8.1"
			},
			"funding": {
				"url": "https://opencollective.com/turf"
			}
		},
		"node_modules/@turf/line-split": {
			"version": "7.3.4",
			"license": "MIT",
			"dependencies": {
				"@turf/bbox": "7.3.4",
				"@turf/geojson-rbush": "7.3.4",
				"@turf/helpers": "7.3.4",
				"@turf/invariant": "7.3.4",
				"@turf/line-intersect": "7.3.4",
				"@turf/line-segment": "7.3.4",
				"@turf/meta": "7.3.4",
				"@turf/nearest-point-on-line": "7.3.4",
				"@turf/truncate": "7.3.4",
				"@types/geojson": "^7946.0.10",
				"tslib": "^2.8.1"
			},
			"funding": {
				"url": "https://opencollective.com/turf"
			}
		},
		"node_modules/@turf/meta": {
			"version": "7.3.4",
			"license": "MIT",
			"dependencies": {
				"@turf/helpers": "7.3.4",
				"@types/geojson": "^7946.0.10",
				"tslib": "^2.8.1"
			},
			"funding": {
				"url": "https://opencollective.com/turf"
			}
		},
		"node_modules/@turf/nearest-point-on-line": {
			"version": "7.3.4",
			"license": "MIT",
			"dependencies": {
				"@turf/distance": "7.3.4",
				"@turf/helpers": "7.3.4",
				"@turf/invariant": "7.3.4",
				"@turf/meta": "7.3.4",
				"@types/geojson": "^7946.0.10",
				"tslib": "^2.8.1"
			},
			"funding": {
				"url": "https://opencollective.com/turf"
			}
		},
		"node_modules/@turf/truncate": {
			"version": "7.3.4",
			"license": "MIT",
			"dependencies": {
				"@turf/helpers": "7.3.4",
				"@turf/meta": "7.3.4",
				"@types/geojson": "^7946.0.10",
				"tslib": "^2.8.1"
			},
			"funding": {
				"url": "https://opencollective.com/turf"
			}
		},
		"node_modules/@types/estree": {
			"version": "1.0.8",
			"dev": true,
			"license": "MIT"
		},
		"node_modules/@types/geojson": {
			"version": "7946.0.16",
			"license": "MIT"
		},
		"node_modules/@types/geojson-vt": {
			"version": "3.2.5",
			"license": "MIT",
			"dependencies": {
				"@types/geojson": "*"
			}
		},
		"node_modules/@types/pbf": {
			"version": "3.0.5",
			"license": "MIT"
		},
		"node_modules/@types/react": {
			"version": "19.2.14",
			"dev": true,
			"license": "MIT",
			"dependencies": {
				"csstype": "^3.2.2"
			}
		},
		"node_modules/@types/react-dom": {
			"version": "19.2.3",
			"dev": true,
			"license": "MIT",
			"peerDependencies": {
				"@types/react": "^19.2.0"
			}
		},
		"node_modules/@types/supercluster": {
			"version": "7.1.3",
			"license": "MIT",
			"dependencies": {
				"@types/geojson": "*"
			}
		},
		"node_modules/@types/uuid": {
			"version": "9.0.8",
			"dev": true,
			"license": "MIT"
		},
		"node_modules/@vitejs/plugin-react-swc": {
			"version": "4.2.3",
			"dev": true,
			"license": "MIT",
			"dependencies": {
				"@rolldown/pluginutils": "1.0.0-rc.2",
				"@swc/core": "^1.15.11"
			},
			"engines": {
				"node": "^20.19.0 || >=22.12.0"
			},
			"peerDependencies": {
				"vite": "^4 || ^5 || ^6 || ^7"
			}
		},
		"node_modules/cheap-ruler": {
			"version": "4.0.0",
			"license": "ISC"
		},
		"node_modules/chokidar": {
			"version": "4.0.3",
			"dev": true,
			"license": "MIT",
			"dependencies": {
				"readdirp": "^4.0.1"
			},
			"engines": {
				"node": ">= 14.16.0"
			},
			"funding": {
				"url": "https://paulmillr.com/funding/"
			}
		},
		"node_modules/csscolorparser": {
			"version": "1.0.3",
			"license": "MIT"
		},
		"node_modules/csstype": {
			"version": "3.2.3",
			"dev": true,
			"license": "MIT"
		},
		"node_modules/esbuild": {
			"version": "0.27.3",
			"dev": true,
			"hasInstallScript": true,
			"license": "MIT",
			"bin": {
				"esbuild": "bin/esbuild"
			},
			"engines": {
				"node": ">=18"
			},
			"optionalDependencies": {
				"@esbuild/aix-ppc64": "0.27.3",
				"@esbuild/android-arm": "0.27.3",
				"@esbuild/android-arm64": "0.27.3",
				"@esbuild/android-x64": "0.27.3",
				"@esbuild/darwin-arm64": "0.27.3",
				"@esbuild/darwin-x64": "0.27.3",
				"@esbuild/freebsd-arm64": "0.27.3",
				"@esbuild/freebsd-x64": "0.27.3",
				"@esbuild/linux-arm": "0.27.3",
				"@esbuild/linux-arm64": "0.27.3",
				"@esbuild/linux-ia32": "0.27.3",
				"@esbuild/linux-loong64": "0.27.3",
				"@esbuild/linux-mips64el": "0.27.3",
				"@esbuild/linux-ppc64": "0.27.3",
				"@esbuild/linux-riscv64": "0.27.3",
				"@esbuild/linux-s390x": "0.27.3",
				"@esbuild/linux-x64": "0.27.3",
				"@esbuild/netbsd-arm64": "0.27.3",
				"@esbuild/netbsd-x64": "0.27.3",
				"@esbuild/openbsd-arm64": "0.27.3",
				"@esbuild/openbsd-x64": "0.27.3",
				"@esbuild/openharmony-arm64": "0.27.3",
				"@esbuild/sunos-x64": "0.27.3",
				"@esbuild/win32-arm64": "0.27.3",
				"@esbuild/win32-ia32": "0.27.3",
				"@esbuild/win32-x64": "0.27.3"
			}
		},
		"node_modules/fdir": {
			"version": "6.5.0",
			"dev": true,
			"license": "MIT",
			"engines": {
				"node": ">=12.0.0"
			},
			"peerDependencies": {
				"picomatch": "^3 || ^4"
			},
			"peerDependenciesMeta": {
				"picomatch": {
					"optional": true
				}
			}
		},
		"node_modules/fsevents": {
			"version": "2.3.3",
			"dev": true,
			"license": "MIT",
			"optional": true,
			"os": [
				"darwin"
			],
			"engines": {
				"node": "^8.16.0 || ^10.6.0 || >=11.0.0"
			}
		},
		"node_modules/geojson-vt": {
			"version": "4.0.2",
			"license": "ISC"
		},
		"node_modules/gl-matrix": {
			"version": "3.4.4",
			"license": "MIT"
		},
		"node_modules/grid-index": {
			"version": "1.1.0",
			"license": "ISC"
		},
		"node_modules/js-tokens": {
			"version": "4.0.0",
			"dev": true,
			"license": "MIT"
		},
		"node_modules/kdbush": {
			"version": "4.0.2",
			"license": "ISC"
		},
		"node_modules/mapbox-gl": {
			"version": "3.19.1",
			"license": "SEE LICENSE IN LICENSE.txt",
			"workspaces": [
				"src/style-spec",
				"test/build/vite",
				"test/build/webpack",
				"test/build/typings"
			],
			"dependencies": {
				"@mapbox/jsonlint-lines-primitives": "^2.0.2",
				"@mapbox/mapbox-gl-supported": "^3.0.0",
				"@mapbox/point-geometry": "^1.1.0",
				"@mapbox/tiny-sdf": "^2.0.6",
				"@mapbox/unitbezier": "^0.0.1",
				"@mapbox/vector-tile": "^2.0.4",
				"@types/geojson": "^7946.0.16",
				"@types/geojson-vt": "^3.2.5",
				"@types/pbf": "^3.0.5",
				"@types/supercluster": "^7.1.3",
				"cheap-ruler": "^4.0.0",
				"csscolorparser": "~1.0.3",
				"earcut": "^3.0.1",
				"geojson-vt": "^4.0.2",
				"gl-matrix": "^3.4.4",
				"grid-index": "^1.1.0",
				"kdbush": "^4.0.2",
				"martinez-polygon-clipping": "^0.8.1",
				"murmurhash-js": "^1.0.0",
				"pbf": "^4.0.1",
				"potpack": "^2.0.0",
				"quickselect": "^3.0.0",
				"supercluster": "^8.0.1",
				"tinyqueue": "^3.0.0"
			}
		},
		"node_modules/mapbox-gl/node_modules/@mapbox/point-geometry": {
			"version": "1.1.0",
			"license": "ISC"
		},
		"node_modules/mapbox-gl/node_modules/@mapbox/vector-tile": {
			"version": "2.0.4",
			"license": "BSD-3-Clause",
			"dependencies": {
				"@mapbox/point-geometry": "~1.1.0",
				"@types/geojson": "^7946.0.16",
				"pbf": "^4.0.1"
			}
		},
		"node_modules/mapbox-gl/node_modules/earcut": {
			"version": "3.0.2",
			"license": "ISC"
		},
		"node_modules/mapbox-gl/node_modules/pbf": {
			"version": "4.0.1",
			"license": "BSD-3-Clause",
			"dependencies": {
				"resolve-protobuf-schema": "^2.1.0"
			},
			"bin": {
				"pbf": "bin/pbf"
			}
		},
		"node_modules/martinez-polygon-clipping": {
			"version": "0.8.1",
			"license": "MIT",
			"dependencies": {
				"robust-predicates": "^2.0.4",
				"splaytree": "^0.1.4",
				"tinyqueue": "3.0.0"
			}
		},
		"node_modules/martinez-polygon-clipping/node_modules/robust-predicates": {
			"version": "2.0.4",
			"license": "Unlicense"
		},
		"node_modules/murmurhash-js": {
			"version": "1.0.0",
			"license": "MIT"
		},
		"node_modules/nanoid": {
			"version": "3.3.11",
			"dev": true,
			"funding": [
				{
					"type": "github",
					"url": "https://github.com/sponsors/ai"
				}
			],
			"license": "MIT",
			"bin": {
				"nanoid": "bin/nanoid.cjs"
			},
			"engines": {
				"node": "^10 || ^12 || ^13.7 || ^14 || >=15.0.1"
			}
		},
		"node_modules/npm-run-path": {
			"version": "6.0.0",
			"dev": true,
			"license": "MIT",
			"dependencies": {
				"path-key": "^4.0.0",
				"unicorn-magic": "^0.3.0"
			},
			"engines": {
				"node": ">=18"
			},
			"funding": {
				"url": "https://github.com/sponsors/sindresorhus"
			}
		},
		"node_modules/path-key": {
			"version": "4.0.0",
			"dev": true,
			"license": "MIT",
			"engines": {
				"node": ">=12"
			},
			"funding": {
				"url": "https://github.com/sponsors/sindresorhus"
			}
		},
		"node_modules/picocolors": {
			"version": "1.1.1",
			"dev": true,
			"license": "ISC"
		},
		"node_modules/picomatch": {
			"version": "4.0.3",
			"dev": true,
			"license": "MIT",
			"engines": {
				"node": ">=12"
			},
			"funding": {
				"url": "https://github.com/sponsors/jonschlinkert"
			}
		},
		"node_modules/point-in-polygon-hao": {
			"version": "1.2.4",
			"license": "MIT",
			"dependencies": {
				"robust-predicates": "^3.0.2"
			}
		},
		"node_modules/postcss": {
			"version": "8.5.6",
			"dev": true,
			"funding": [
				{
					"type": "opencollective",
					"url": "https://opencollective.com/postcss/"
				},
				{
					"type": "tidelift",
					"url": "https://tidelift.com/funding/github/npm/postcss"
				},
				{
					"type": "github",
					"url": "https://github.com/sponsors/ai"
				}
			],
			"license": "MIT",
			"dependencies": {
				"nanoid": "^3.3.11",
				"picocolors": "^1.1.1",
				"source-map-js": "^1.2.1"
			},
			"engines": {
				"node": "^10 || ^12 || >=14"
			}
		},
		"node_modules/potpack": {
			"version": "2.1.0",
			"license": "ISC"
		},
		"node_modules/protocol-buffers-schema": {
			"version": "3.6.0",
			"license": "MIT"
		},
		"node_modules/quickselect": {
			"version": "3.0.0",
			"license": "ISC"
		},
		"node_modules/rbush": {
			"version": "3.0.1",
			"license": "MIT",
			"dependencies": {
				"quickselect": "^2.0.0"
			}
		},
		"node_modules/rbush/node_modules/quickselect": {
			"version": "2.0.0",
			"license": "ISC"
		},
		"node_modules/react": {
			"version": "19.2.4",
			"license": "MIT",
			"engines": {
				"node": ">=0.10.0"
			}
		},
		"node_modules/readdirp": {
			"version": "4.1.2",
			"dev": true,
			"license": "MIT",
			"engines": {
				"node": ">= 14.18.0"
			},
			"funding": {
				"type": "individual",
				"url": "https://paulmillr.com/funding/"
			}
		},
		"node_modules/resolve-protobuf-schema": {
			"version": "2.1.0",
			"license": "MIT",
			"dependencies": {
				"protocol-buffers-schema": "^3.3.1"
			}
		},
		"node_modules/robust-predicates": {
			"version": "3.0.2",
			"license": "Unlicense"
		},
		"node_modules/rollup": {
			"version": "4.59.0",
			"dev": true,
			"license": "MIT",
			"dependencies": {
				"@types/estree": "1.0.8"
			},
			"bin": {
				"rollup": "dist/bin/rollup"
			},
			"engines": {
				"node": ">=18.0.0",
				"npm": ">=8.0.0"
			},
			"optionalDependencies": {
				"@rollup/rollup-android-arm-eabi": "4.59.0",
				"@rollup/rollup-android-arm64": "4.59.0",
				"@rollup/rollup-darwin-arm64": "4.59.0",
				"@rollup/rollup-darwin-x64": "4.59.0",
				"@rollup/rollup-freebsd-arm64": "4.59.0",
				"@rollup/rollup-freebsd-x64": "4.59.0",
				"@rollup/rollup-linux-arm-gnueabihf": "4.59.0",
				"@rollup/rollup-linux-arm-musleabihf": "4.59.0",
				"@rollup/rollup-linux-arm64-gnu": "4.59.0",
				"@rollup/rollup-linux-arm64-musl": "4.59.0",
				"@rollup/rollup-linux-loong64-gnu": "4.59.0",
				"@rollup/rollup-linux-loong64-musl": "4.59.0",
				"@rollup/rollup-linux-ppc64-gnu": "4.59.0",
				"@rollup/rollup-linux-ppc64-musl": "4.59.0",
				"@rollup/rollup-linux-riscv64-gnu": "4.59.0",
				"@rollup/rollup-linux-riscv64-musl": "4.59.0",
				"@rollup/rollup-linux-s390x-gnu": "4.59.0",
				"@rollup/rollup-linux-x64-gnu": "4.59.0",
				"@rollup/rollup-linux-x64-musl": "4.59.0",
				"@rollup/rollup-openbsd-x64": "4.59.0",
				"@rollup/rollup-openharmony-arm64": "4.59.0",
				"@rollup/rollup-win32-arm64-msvc": "4.59.0",
				"@rollup/rollup-win32-ia32-msvc": "4.59.0",
				"@rollup/rollup-win32-x64-gnu": "4.59.0",
				"@rollup/rollup-win32-x64-msvc": "4.59.0",
				"fsevents": "~2.3.2"
			}
		},
		"node_modules/rxjs": {
			"version": "7.8.2",
			"license": "Apache-2.0",
			"dependencies": {
				"tslib": "^2.1.0"
			}
		},
		"node_modules/source-map-js": {
			"version": "1.2.1",
			"dev": true,
			"license": "BSD-3-Clause",
			"engines": {
				"node": ">=0.10.0"
			}
		},
		"node_modules/splaytree": {
			"version": "0.1.4",
			"license": "MIT"
		},
		"node_modules/supercluster": {
			"version": "8.0.1",
			"license": "ISC",
			"dependencies": {
				"kdbush": "^4.0.2"
			}
		},
		"node_modules/sweepline-intersections": {
			"version": "1.5.0",
			"license": "MIT",
			"dependencies": {
				"tinyqueue": "^2.0.0"
			}
		},
		"node_modules/sweepline-intersections/node_modules/tinyqueue": {
			"version": "2.0.3",
			"license": "ISC"
		},
		"node_modules/tiny-invariant": {
			"version": "1.3.3",
			"dev": true,
			"license": "MIT"
		},
		"node_modules/tinyglobby": {
			"version": "0.2.15",
			"dev": true,
			"license": "MIT",
			"dependencies": {
				"fdir": "^6.5.0",
				"picomatch": "^4.0.3"
			},
			"engines": {
				"node": ">=12.0.0"
			},
			"funding": {
				"url": "https://github.com/sponsors/SuperchupuDev"
			}
		},
		"node_modules/tinyqueue": {
			"version": "3.0.0",
			"license": "ISC"
		},
		"node_modules/tslib": {
			"version": "2.8.1",
			"license": "0BSD"
		},
		"node_modules/typescript": {
			"version": "5.9.3",
			"dev": true,
			"license": "Apache-2.0",
			"bin": {
				"tsc": "bin/tsc",
				"tsserver": "bin/tsserver"
			},
			"engines": {
				"node": ">=14.17"
			}
		},
		"node_modules/unicorn-magic": {
			"version": "0.3.0",
			"dev": true,
			"license": "MIT",
			"engines": {
				"node": ">=18"
			},
			"funding": {
				"url": "https://github.com/sponsors/sindresorhus"
			}
		},
		"node_modules/uuid": {
			"version": "9.0.1",
			"funding": [
				"https://github.com/sponsors/broofa",
				"https://github.com/sponsors/ctavan"
			],
			"license": "MIT",
			"bin": {
				"uuid": "dist/bin/uuid"
			}
		},
		"node_modules/vite": {
			"version": "7.3.1",
			"dev": true,
			"license": "MIT",
			"dependencies": {
				"esbuild": "^0.27.0",
				"fdir": "^6.5.0",
				"picomatch": "^4.0.3",
				"postcss": "^8.5.6",
				"rollup": "^4.43.0",
				"tinyglobby": "^0.2.15"
			},
			"bin": {
				"vite": "bin/vite.js"
			},
			"engines": {
				"node": "^20.19.0 || >=22.12.0"
			},
			"funding": {
				"url": "https://github.com/vitejs/vite?sponsor=1"
			},
			"optionalDependencies": {
				"fsevents": "~2.3.3"
			},
			"peerDependencies": {
				"@types/node": "^20.19.0 || >=22.12.0",
				"jiti": ">=1.21.0",
				"less": "^4.0.0",
				"lightningcss": "^1.21.0",
				"sass": "^1.70.0",
				"sass-embedded": "^1.70.0",
				"stylus": ">=0.54.8",
				"sugarss": "^5.0.0",
				"terser": "^5.16.0",
				"tsx": "^4.8.1",
				"yaml": "^2.4.2"
			},
			"peerDependenciesMeta": {
				"@types/node": {
					"optional": true
				},
				"jiti": {
					"optional": true
				},
				"less": {
					"optional": true
				},
				"lightningcss": {
					"optional": true
				},
				"sass": {
					"optional": true
				},
				"sass-embedded": {
					"optional": true
				},
				"stylus": {
					"optional": true
				},
				"sugarss": {
					"optional": true
				},
				"terser": {
					"optional": true
				},
				"tsx": {
					"optional": true
				},
				"yaml": {
					"optional": true
				}
			}
		},
		"node_modules/vite-plugin-checker": {
			"version": "0.12.0",
			"dev": true,
			"license": "MIT",
			"dependencies": {
				"@babel/code-frame": "^7.27.1",
				"chokidar": "^4.0.3",
				"npm-run-path": "^6.0.0",
				"picocolors": "^1.1.1",
				"picomatch": "^4.0.3",
				"tiny-invariant": "^1.3.3",
				"tinyglobby": "^0.2.15",
				"vscode-uri": "^3.1.0"
			},
			"engines": {
				"node": ">=16.11"
			},
			"peerDependencies": {
				"@biomejs/biome": ">=1.7",
				"eslint": ">=9.39.1",
				"meow": "^13.2.0",
				"optionator": "^0.9.4",
				"oxlint": ">=1",
				"stylelint": ">=16",
				"typescript": "*",
				"vite": ">=5.4.21",
				"vls": "*",
				"vti": "*",
				"vue-tsc": "~2.2.10 || ^3.0.0"
			},
			"peerDependenciesMeta": {
				"@biomejs/biome": {
					"optional": true
				},
				"eslint": {
					"optional": true
				},
				"meow": {
					"optional": true
				},
				"optionator": {
					"optional": true
				},
				"oxlint": {
					"optional": true
				},
				"stylelint": {
					"optional": true
				},
				"typescript": {
					"optional": true
				},
				"vls": {
					"optional": true
				},
				"vti": {
					"optional": true
				},
				"vue-tsc": {
					"optional": true
				}
			}
		},
		"node_modules/vscode-uri": {
			"version": "3.1.0",
			"dev": true,
			"license": "MIT"
		}
	}
}
